{
  "name": "mysql_orm",
  "version": "1.0.0",
  "lockfileVersion": 3,
  "requires": true,
  "packages": {
    "": {
      "name": "mysql_orm",
      "version": "1.0.0",
      "license": "ISC",
      "dependencies": {
        "mysql_connection": "github:Dorsaz-Michel/NodeJs_Mysql#mysql_connection"
      }
    },
    "node_modules/mysql_connection": {
      "version": "1.0.0",
      "resolved": "git+ssh://git@github.com/Dorsaz-Michel/NodeJs_Mysql.git#8d7ed7600c07c946c0afc48be0408b0adbc3340c",
      "license": "ISC"
    }
  }
}
